
Microsoft Visual Studio Solution File, Format Version 12.00
# Visual Studio 15
VisualStudioVersion = 15.0.27130.2003
MinimumVisualStudioVersion = 10.0.40219.1
Project("{FAE04EC0-301F-11D3-BF4B-00C04F79EFBC}") = "addressbookWeb", "addressbookWeb\addressbookWeb.csproj", "{2600D941-1D63-4DCB-ADB2-78BB6F1F1B29}"
EndProject
Global
	GlobalSection(SolutionConfigurationPlatforms) = preSolution
		Debug|Any CPU = Debug|Any CPU
		Release|Any CPU = Release|Any CPU
	EndGlobalSection
	GlobalSection(ProjectConfigurationPlatforms) = postSolution
		{2600D941-1D63-4DCB-ADB2-78BB6F1F1B29}.Debug|Any CPU.ActiveCfg = Debug|Any CPU
		{2600D941-1D63-4DCB-ADB2-78BB6F1F1B29}.Debug|Any CPU.Build.0 = Debug|Any CPU
		{2600D941-1D63-4DCB-ADB2-78BB6F1F1B29}.Release|Any CPU.ActiveCfg = Release|Any CPU
		{2600D941-1D63-4DCB-ADB2-78BB6F1F1B29}.Release|Any CPU.Build.0 = Release|Any CPU
	EndGlobalSection
	GlobalSection(SolutionProperties) = preSolution
		HideSolutionNode = FALSE
	EndGlobalSection
	GlobalSection(ExtensibilityGlobals) = postSolution
		SolutionGuid = {279E5573-0CD6-425A-B0D9-22500962FC63}
	EndGlobalSection
EndGlobal
